// !$*UTF8*$!
{
	archiveVersion = 1;
	classes = {
	};
	objectVersion = 54;
	objects = {

/* Begin PBXBuildFile section */
		A6268F1B35A1AACE17E7A632 /* Pods_iOSEngineerCodeCheck.framework in Frameworks */ = {isa = PBXBuildFile; fileRef = F1F1CE433594986C9EB66CF3 /* Pods_iOSEngineerCodeCheck.framework */; };
		BF0A658D244F2A3B00280FA6 /* ViewController2.swift in Sources */ = {isa = PBXBuildFile; fileRef = BF0A658C244F2A3B00280FA6 /* ViewController2.swift */; };
		BFD945DF244DC5E80012785A /* AppDelegate.swift in Sources */ = {isa = PBXBuildFile; fileRef = BFD945DE244DC5E80012785A /* AppDelegate.swift */; };
		BFD945E1244DC5E80012785A /* SceneDelegate.swift in Sources */ = {isa = PBXBuildFile; fileRef = BFD945E0244DC5E80012785A /* SceneDelegate.swift */; };
		BFD945E3244DC5E80012785A /* ViewController.swift in Sources */ = {isa = PBXBuildFile; fileRef = BFD945E2244DC5E80012785A /* ViewController.swift */; };
		BFD945E6244DC5E80012785A /* Main.storyboard in Resources */ = {isa = PBXBuildFile; fileRef = BFD945E4244DC5E80012785A /* Main.storyboard */; };
		BFD945E8244DC5EB0012785A /* Assets.xcassets in Resources */ = {isa = PBXBuildFile; fileRef = BFD945E7244DC5EB0012785A /* Assets.xcassets */; };
		BFD945EB244DC5EB0012785A /* LaunchScreen.storyboard in Resources */ = {isa = PBXBuildFile; fileRef = BFD945E9244DC5EB0012785A /* LaunchScreen.storyboard */; };
		BFD945F6244DC5EB0012785A /* iOSEngineerCodeCheckTests.swift in Sources */ = {isa = PBXBuildFile; fileRef = BFD945F5244DC5EB0012785A /* iOSEngineerCodeCheckTests.swift */; };
		BFD94601244DC5EC0012785A /* iOSEngineerCodeCheckUITests.swift in Sources */ = {isa = PBXBuildFile; fileRef = BFD94600244DC5EC0012785A /* iOSEngineerCodeCheckUITests.swift */; };
		EBE279EB2B558BAA005CA078 /* BaseViewController.swift in Sources */ = {isa = PBXBuildFile; fileRef = EBE279EA2B558BAA005CA078 /* BaseViewController.swift */; };
		EBE279EE2B558C3D005CA078 /* StoryboardInstantiable.swift in Sources */ = {isa = PBXBuildFile; fileRef = EBE279ED2B558C3D005CA078 /* StoryboardInstantiable.swift */; };
		EBE279F02B558C77005CA078 /* ViewModelProtocol.swift in Sources */ = {isa = PBXBuildFile; fileRef = EBE279EF2B558C77005CA078 /* ViewModelProtocol.swift */; };
		EBE279F22B558C8E005CA078 /* ViewModelable.swift in Sources */ = {isa = PBXBuildFile; fileRef = EBE279F12B558C8E005CA078 /* ViewModelable.swift */; };
		EBE279F42B558CDF005CA078 /* BaseViewModel.swift in Sources */ = {isa = PBXBuildFile; fileRef = EBE279F32B558CDF005CA078 /* BaseViewModel.swift */; };
		EBE279F72B558D12005CA078 /* RepositoryListViewController.swift in Sources */ = {isa = PBXBuildFile; fileRef = EBE279F62B558D12005CA078 /* RepositoryListViewController.swift */; };
		EBE279F92B558D2F005CA078 /* RepositoryListViewModel.swift in Sources */ = {isa = PBXBuildFile; fileRef = EBE279F82B558D2F005CA078 /* RepositoryListViewModel.swift */; };
		EBE279FB2B558D3C005CA078 /* RepositoryListViewController.storyboard in Resources */ = {isa = PBXBuildFile; fileRef = EBE279FA2B558D3C005CA078 /* RepositoryListViewController.storyboard */; };
		EBE279FD2B558E0D005CA078 /* Coordinator.swift in Sources */ = {isa = PBXBuildFile; fileRef = EBE279FC2B558E0D005CA078 /* Coordinator.swift */; };
		EBE279FF2B558E2C005CA078 /* Coordinatable.swift in Sources */ = {isa = PBXBuildFile; fileRef = EBE279FE2B558E2C005CA078 /* Coordinatable.swift */; };
		EBE27A012B558E53005CA078 /* RepositoryCoordinator.swift in Sources */ = {isa = PBXBuildFile; fileRef = EBE27A002B558E53005CA078 /* RepositoryCoordinator.swift */; };
		EBE27A042B558F94005CA078 /* AppCoordinator.swift in Sources */ = {isa = PBXBuildFile; fileRef = EBE27A032B558F94005CA078 /* AppCoordinator.swift */; };
		EBE27A072B55956E005CA078 /* Constant.swift in Sources */ = {isa = PBXBuildFile; fileRef = EBE27A062B55956E005CA078 /* Constant.swift */; };
		EBE27A0F2B559908005CA078 /* GithubModel.swift in Sources */ = {isa = PBXBuildFile; fileRef = EBE27A0E2B559908005CA078 /* GithubModel.swift */; };
		EBE27A172B559C18005CA078 /* APIError.swift in Sources */ = {isa = PBXBuildFile; fileRef = EBE27A162B559C18005CA078 /* APIError.swift */; };
		EBE27A192B559C32005CA078 /* SessionTask.swift in Sources */ = {isa = PBXBuildFile; fileRef = EBE27A182B559C32005CA078 /* SessionTask.swift */; };
		EBE27A1B2B559C4B005CA078 /* JSONEncoding.swift in Sources */ = {isa = PBXBuildFile; fileRef = EBE27A1A2B559C4B005CA078 /* JSONEncoding.swift */; };
		EBE27A1D2B559C66005CA078 /* URLEncoding.swift in Sources */ = {isa = PBXBuildFile; fileRef = EBE27A1C2B559C66005CA078 /* URLEncoding.swift */; };
		EBE27A1F2B559C7D005CA078 /* APIClient.swift in Sources */ = {isa = PBXBuildFile; fileRef = EBE27A1E2B559C7D005CA078 /* APIClient.swift */; };
		EBE27A212B559C9B005CA078 /* URLSessionProtocol.swift in Sources */ = {isa = PBXBuildFile; fileRef = EBE27A202B559C9B005CA078 /* URLSessionProtocol.swift */; };
		EBE27A232B559CAE005CA078 /* URLSessionDataTaskProtocol.swift in Sources */ = {isa = PBXBuildFile; fileRef = EBE27A222B559CAE005CA078 /* URLSessionDataTaskProtocol.swift */; };
		EBE27A252B559CC1005CA078 /* URLRequestBuildable.swift in Sources */ = {isa = PBXBuildFile; fileRef = EBE27A242B559CC1005CA078 /* URLRequestBuildable.swift */; };
		EBE27A272B559CD3005CA078 /* SessionTaskProtocol.swift in Sources */ = {isa = PBXBuildFile; fileRef = EBE27A262B559CD3005CA078 /* SessionTaskProtocol.swift */; };
		EBE27A292B559CE5005CA078 /* ParameterEncoder.swift in Sources */ = {isa = PBXBuildFile; fileRef = EBE27A282B559CE5005CA078 /* ParameterEncoder.swift */; };
		EBE27A2B2B559CF6005CA078 /* JSONDecoderProtocol.swift in Sources */ = {isa = PBXBuildFile; fileRef = EBE27A2A2B559CF6005CA078 /* JSONDecoderProtocol.swift */; };
		EBE27A2D2B559D08005CA078 /* APIClientProtocol.swift in Sources */ = {isa = PBXBuildFile; fileRef = EBE27A2C2B559D08005CA078 /* APIClientProtocol.swift */; };
		EBE27A2F2B559D1E005CA078 /* APIRequestProtocol.swift in Sources */ = {isa = PBXBuildFile; fileRef = EBE27A2E2B559D1E005CA078 /* APIRequestProtocol.swift */; };
		EBE27A322B559D4F005CA078 /* APICommunicatingViewModel.swift in Sources */ = {isa = PBXBuildFile; fileRef = EBE27A312B559D4F005CA078 /* APICommunicatingViewModel.swift */; };
		EBE27A352B559D8A005CA078 /* ObservableType+Ext.swift in Sources */ = {isa = PBXBuildFile; fileRef = EBE27A342B559D8A005CA078 /* ObservableType+Ext.swift */; };
		EBE27A372B559DAF005CA078 /* ActivityIndicator.swift in Sources */ = {isa = PBXBuildFile; fileRef = EBE27A362B559DAF005CA078 /* ActivityIndicator.swift */; };
		EBE27A392B559E2F005CA078 /* Method.swift in Sources */ = {isa = PBXBuildFile; fileRef = EBE27A382B559E2F005CA078 /* Method.swift */; };
		EBE27A3B2B559E66005CA078 /* ObservableType+APIClient.swift in Sources */ = {isa = PBXBuildFile; fileRef = EBE27A3A2B559E66005CA078 /* ObservableType+APIClient.swift */; };
		EBE27A3D2B559E88005CA078 /* URLRequest+Ext.swift in Sources */ = {isa = PBXBuildFile; fileRef = EBE27A3C2B559E88005CA078 /* URLRequest+Ext.swift */; };
/* End PBXBuildFile section */

/* Begin PBXContainerItemProxy section */
		BFD945F2244DC5EB0012785A /* PBXContainerItemProxy */ = {
			isa = PBXContainerItemProxy;
			containerPortal = BFD945D3244DC5E80012785A /* Project object */;
			proxyType = 1;
			remoteGlobalIDString = BFD945DA244DC5E80012785A;
			remoteInfo = iOSEngineerCodeCheck;
		};
		BFD945FD244DC5EB0012785A /* PBXContainerItemProxy */ = {
			isa = PBXContainerItemProxy;
			containerPortal = BFD945D3244DC5E80012785A /* Project object */;
			proxyType = 1;
			remoteGlobalIDString = BFD945DA244DC5E80012785A;
			remoteInfo = iOSEngineerCodeCheck;
		};
/* End PBXContainerItemProxy section */

/* Begin PBXFileReference section */
		656E8C8C43705665B3F38A11 /* Pods-iOSEngineerCodeCheck.release.xcconfig */ = {isa = PBXFileReference; includeInIndex = 1; lastKnownFileType = text.xcconfig; name = "Pods-iOSEngineerCodeCheck.release.xcconfig"; path = "Target Support Files/Pods-iOSEngineerCodeCheck/Pods-iOSEngineerCodeCheck.release.xcconfig"; sourceTree = "<group>"; };
		BF0A658C244F2A3B00280FA6 /* ViewController2.swift */ = {isa = PBXFileReference; lastKnownFileType = sourcecode.swift; path = ViewController2.swift; sourceTree = "<group>"; };
		BFD945DB244DC5E80012785A /* iOSEngineerCodeCheck.app */ = {isa = PBXFileReference; explicitFileType = wrapper.application; includeInIndex = 0; path = iOSEngineerCodeCheck.app; sourceTree = BUILT_PRODUCTS_DIR; };
		BFD945DE244DC5E80012785A /* AppDelegate.swift */ = {isa = PBXFileReference; lastKnownFileType = sourcecode.swift; path = AppDelegate.swift; sourceTree = "<group>"; };
		BFD945E0244DC5E80012785A /* SceneDelegate.swift */ = {isa = PBXFileReference; lastKnownFileType = sourcecode.swift; path = SceneDelegate.swift; sourceTree = "<group>"; };
		BFD945E2244DC5E80012785A /* ViewController.swift */ = {isa = PBXFileReference; lastKnownFileType = sourcecode.swift; path = ViewController.swift; sourceTree = "<group>"; };
		BFD945E5244DC5E80012785A /* Base */ = {isa = PBXFileReference; lastKnownFileType = file.storyboard; name = Base; path = Base.lproj/Main.storyboard; sourceTree = "<group>"; };
		BFD945E7244DC5EB0012785A /* Assets.xcassets */ = {isa = PBXFileReference; lastKnownFileType = folder.assetcatalog; path = Assets.xcassets; sourceTree = "<group>"; };
		BFD945EA244DC5EB0012785A /* Base */ = {isa = PBXFileReference; lastKnownFileType = file.storyboard; name = Base; path = Base.lproj/LaunchScreen.storyboard; sourceTree = "<group>"; };
		BFD945EC244DC5EB0012785A /* Info.plist */ = {isa = PBXFileReference; lastKnownFileType = text.plist.xml; path = Info.plist; sourceTree = "<group>"; };
		BFD945F1244DC5EB0012785A /* iOSEngineerCodeCheckTests.xctest */ = {isa = PBXFileReference; explicitFileType = wrapper.cfbundle; includeInIndex = 0; path = iOSEngineerCodeCheckTests.xctest; sourceTree = BUILT_PRODUCTS_DIR; };
		BFD945F5244DC5EB0012785A /* iOSEngineerCodeCheckTests.swift */ = {isa = PBXFileReference; lastKnownFileType = sourcecode.swift; path = iOSEngineerCodeCheckTests.swift; sourceTree = "<group>"; };
		BFD945F7244DC5EB0012785A /* Info.plist */ = {isa = PBXFileReference; lastKnownFileType = text.plist.xml; path = Info.plist; sourceTree = "<group>"; };
		BFD945FC244DC5EB0012785A /* iOSEngineerCodeCheckUITests.xctest */ = {isa = PBXFileReference; explicitFileType = wrapper.cfbundle; includeInIndex = 0; path = iOSEngineerCodeCheckUITests.xctest; sourceTree = BUILT_PRODUCTS_DIR; };
		BFD94600244DC5EC0012785A /* iOSEngineerCodeCheckUITests.swift */ = {isa = PBXFileReference; lastKnownFileType = sourcecode.swift; path = iOSEngineerCodeCheckUITests.swift; sourceTree = "<group>"; };
		BFD94602244DC5EC0012785A /* Info.plist */ = {isa = PBXFileReference; lastKnownFileType = text.plist.xml; path = Info.plist; sourceTree = "<group>"; };
		E40096BBB659FA13EFB39611 /* Pods-iOSEngineerCodeCheck.debug.xcconfig */ = {isa = PBXFileReference; includeInIndex = 1; lastKnownFileType = text.xcconfig; name = "Pods-iOSEngineerCodeCheck.debug.xcconfig"; path = "Target Support Files/Pods-iOSEngineerCodeCheck/Pods-iOSEngineerCodeCheck.debug.xcconfig"; sourceTree = "<group>"; };
		EBE279EA2B558BAA005CA078 /* BaseViewController.swift */ = {isa = PBXFileReference; lastKnownFileType = sourcecode.swift; path = BaseViewController.swift; sourceTree = "<group>"; };
		EBE279ED2B558C3D005CA078 /* StoryboardInstantiable.swift */ = {isa = PBXFileReference; lastKnownFileType = sourcecode.swift; path = StoryboardInstantiable.swift; sourceTree = "<group>"; };
		EBE279EF2B558C77005CA078 /* ViewModelProtocol.swift */ = {isa = PBXFileReference; lastKnownFileType = sourcecode.swift; path = ViewModelProtocol.swift; sourceTree = "<group>"; };
		EBE279F12B558C8E005CA078 /* ViewModelable.swift */ = {isa = PBXFileReference; lastKnownFileType = sourcecode.swift; path = ViewModelable.swift; sourceTree = "<group>"; };
		EBE279F32B558CDF005CA078 /* BaseViewModel.swift */ = {isa = PBXFileReference; lastKnownFileType = sourcecode.swift; path = BaseViewModel.swift; sourceTree = "<group>"; };
		EBE279F62B558D12005CA078 /* RepositoryListViewController.swift */ = {isa = PBXFileReference; lastKnownFileType = sourcecode.swift; path = RepositoryListViewController.swift; sourceTree = "<group>"; };
		EBE279F82B558D2F005CA078 /* RepositoryListViewModel.swift */ = {isa = PBXFileReference; lastKnownFileType = sourcecode.swift; path = RepositoryListViewModel.swift; sourceTree = "<group>"; };
		EBE279FA2B558D3C005CA078 /* RepositoryListViewController.storyboard */ = {isa = PBXFileReference; lastKnownFileType = file.storyboard; path = RepositoryListViewController.storyboard; sourceTree = "<group>"; };
		EBE279FC2B558E0D005CA078 /* Coordinator.swift */ = {isa = PBXFileReference; lastKnownFileType = sourcecode.swift; path = Coordinator.swift; sourceTree = "<group>"; };
		EBE279FE2B558E2C005CA078 /* Coordinatable.swift */ = {isa = PBXFileReference; lastKnownFileType = sourcecode.swift; path = Coordinatable.swift; sourceTree = "<group>"; };
		EBE27A002B558E53005CA078 /* RepositoryCoordinator.swift */ = {isa = PBXFileReference; lastKnownFileType = sourcecode.swift; path = RepositoryCoordinator.swift; sourceTree = "<group>"; };
		EBE27A032B558F94005CA078 /* AppCoordinator.swift */ = {isa = PBXFileReference; lastKnownFileType = sourcecode.swift; path = AppCoordinator.swift; sourceTree = "<group>"; };
		EBE27A062B55956E005CA078 /* Constant.swift */ = {isa = PBXFileReference; lastKnownFileType = sourcecode.swift; path = Constant.swift; sourceTree = "<group>"; };
		EBE27A0E2B559908005CA078 /* GithubModel.swift */ = {isa = PBXFileReference; lastKnownFileType = sourcecode.swift; path = GithubModel.swift; sourceTree = "<group>"; };
		EBE27A162B559C18005CA078 /* APIError.swift */ = {isa = PBXFileReference; lastKnownFileType = sourcecode.swift; path = APIError.swift; sourceTree = "<group>"; };
		EBE27A182B559C32005CA078 /* SessionTask.swift */ = {isa = PBXFileReference; lastKnownFileType = sourcecode.swift; path = SessionTask.swift; sourceTree = "<group>"; };
		EBE27A1A2B559C4B005CA078 /* JSONEncoding.swift */ = {isa = PBXFileReference; lastKnownFileType = sourcecode.swift; path = JSONEncoding.swift; sourceTree = "<group>"; };
		EBE27A1C2B559C66005CA078 /* URLEncoding.swift */ = {isa = PBXFileReference; lastKnownFileType = sourcecode.swift; path = URLEncoding.swift; sourceTree = "<group>"; };
		EBE27A1E2B559C7D005CA078 /* APIClient.swift */ = {isa = PBXFileReference; lastKnownFileType = sourcecode.swift; path = APIClient.swift; sourceTree = "<group>"; };
		EBE27A202B559C9B005CA078 /* URLSessionProtocol.swift */ = {isa = PBXFileReference; lastKnownFileType = sourcecode.swift; path = URLSessionProtocol.swift; sourceTree = "<group>"; };
		EBE27A222B559CAE005CA078 /* URLSessionDataTaskProtocol.swift */ = {isa = PBXFileReference; lastKnownFileType = sourcecode.swift; path = URLSessionDataTaskProtocol.swift; sourceTree = "<group>"; };
		EBE27A242B559CC1005CA078 /* URLRequestBuildable.swift */ = {isa = PBXFileReference; lastKnownFileType = sourcecode.swift; path = URLRequestBuildable.swift; sourceTree = "<group>"; };
		EBE27A262B559CD3005CA078 /* SessionTaskProtocol.swift */ = {isa = PBXFileReference; lastKnownFileType = sourcecode.swift; path = SessionTaskProtocol.swift; sourceTree = "<group>"; };
		EBE27A282B559CE5005CA078 /* ParameterEncoder.swift */ = {isa = PBXFileReference; lastKnownFileType = sourcecode.swift; path = ParameterEncoder.swift; sourceTree = "<group>"; };
		EBE27A2A2B559CF6005CA078 /* JSONDecoderProtocol.swift */ = {isa = PBXFileReference; lastKnownFileType = sourcecode.swift; path = JSONDecoderProtocol.swift; sourceTree = "<group>"; };
		EBE27A2C2B559D08005CA078 /* APIClientProtocol.swift */ = {isa = PBXFileReference; lastKnownFileType = sourcecode.swift; path = APIClientProtocol.swift; sourceTree = "<group>"; };
		EBE27A2E2B559D1E005CA078 /* APIRequestProtocol.swift */ = {isa = PBXFileReference; lastKnownFileType = sourcecode.swift; path = APIRequestProtocol.swift; sourceTree = "<group>"; };
		EBE27A312B559D4F005CA078 /* APICommunicatingViewModel.swift */ = {isa = PBXFileReference; lastKnownFileType = sourcecode.swift; path = APICommunicatingViewModel.swift; sourceTree = "<group>"; };
		EBE27A342B559D8A005CA078 /* ObservableType+Ext.swift */ = {isa = PBXFileReference; lastKnownFileType = sourcecode.swift; path = "ObservableType+Ext.swift"; sourceTree = "<group>"; };
		EBE27A362B559DAF005CA078 /* ActivityIndicator.swift */ = {isa = PBXFileReference; lastKnownFileType = sourcecode.swift; path = ActivityIndicator.swift; sourceTree = "<group>"; };
		EBE27A382B559E2F005CA078 /* Method.swift */ = {isa = PBXFileReference; lastKnownFileType = sourcecode.swift; path = Method.swift; sourceTree = "<group>"; };
		EBE27A3A2B559E66005CA078 /* ObservableType+APIClient.swift */ = {isa = PBXFileReference; lastKnownFileType = sourcecode.swift; path = "ObservableType+APIClient.swift"; sourceTree = "<group>"; };
		EBE27A3C2B559E88005CA078 /* URLRequest+Ext.swift */ = {isa = PBXFileReference; lastKnownFileType = sourcecode.swift; path = "URLRequest+Ext.swift"; sourceTree = "<group>"; };
		F1F1CE433594986C9EB66CF3 /* Pods_iOSEngineerCodeCheck.framework */ = {isa = PBXFileReference; explicitFileType = wrapper.framework; includeInIndex = 0; path = Pods_iOSEngineerCodeCheck.framework; sourceTree = BUILT_PRODUCTS_DIR; };
/* End PBXFileReference section */

/* Begin PBXFrameworksBuildPhase section */
		BFD945D8244DC5E80012785A /* Frameworks */ = {
			isa = PBXFrameworksBuildPhase;
			buildActionMask = 2147483647;
			files = (
				A6268F1B35A1AACE17E7A632 /* Pods_iOSEngineerCodeCheck.framework in Frameworks */,
			);
			runOnlyForDeploymentPostprocessing = 0;
		};
		BFD945EE244DC5EB0012785A /* Frameworks */ = {
			isa = PBXFrameworksBuildPhase;
			buildActionMask = 2147483647;
			files = (
			);
			runOnlyForDeploymentPostprocessing = 0;
		};
		BFD945F9244DC5EB0012785A /* Frameworks */ = {
			isa = PBXFrameworksBuildPhase;
			buildActionMask = 2147483647;
			files = (
			);
			runOnlyForDeploymentPostprocessing = 0;
		};
/* End PBXFrameworksBuildPhase section */

/* Begin PBXGroup section */
		2A569A58059D07374EEA1D7C /* Pods */ = {
			isa = PBXGroup;
			children = (
				E40096BBB659FA13EFB39611 /* Pods-iOSEngineerCodeCheck.debug.xcconfig */,
				656E8C8C43705665B3F38A11 /* Pods-iOSEngineerCodeCheck.release.xcconfig */,
			);
			path = Pods;
			sourceTree = "<group>";
		};
		BFD945D2244DC5E80012785A = {
			isa = PBXGroup;
			children = (
				BFD945DD244DC5E80012785A /* Source */,
				BFD945F4244DC5EB0012785A /* UnitTests */,
				BFD945FF244DC5EB0012785A /* UITests */,
				BFD945DC244DC5E80012785A /* Products */,
				2A569A58059D07374EEA1D7C /* Pods */,
				C076B2E9BF3C0CB74DFF310D /* Frameworks */,
			);
			sourceTree = "<group>";
		};
		BFD945DC244DC5E80012785A /* Products */ = {
			isa = PBXGroup;
			children = (
				BFD945DB244DC5E80012785A /* iOSEngineerCodeCheck.app */,
				BFD945F1244DC5EB0012785A /* iOSEngineerCodeCheckTests.xctest */,
				BFD945FC244DC5EB0012785A /* iOSEngineerCodeCheckUITests.xctest */,
			);
			name = Products;
			sourceTree = "<group>";
		};
		BFD945DD244DC5E80012785A /* Source */ = {
			isa = PBXGroup;
			children = (
				EBE279E72B55891E005CA078 /* App */,
				EBE279E92B558B92005CA078 /* Base */,
				EBE27A142B559BF2005CA078 /* Networking */,
				EBE279EC2B558C21005CA078 /* Protocols */,
				EBE27A0D2B5598FC005CA078 /* Models */,
				EBE27A302B559D32005CA078 /* Enums */,
				EBE279E82B558B70005CA078 /* Scenes */,
				EBE27A332B559D76005CA078 /* Extensions */,
				EBE27A052B559558005CA078 /* Utils */,
				EBE279E62B558910005CA078 /* Supportings */,
				EBE279E52B5588FE005CA078 /* Resources */,
				BFD945E2244DC5E80012785A /* ViewController.swift */,
				BF0A658C244F2A3B00280FA6 /* ViewController2.swift */,
			);
			path = Source;
			sourceTree = "<group>";
		};
		BFD945F4244DC5EB0012785A /* UnitTests */ = {
			isa = PBXGroup;
			children = (
				BFD945F5244DC5EB0012785A /* iOSEngineerCodeCheckTests.swift */,
				BFD945F7244DC5EB0012785A /* Info.plist */,
			);
			path = UnitTests;
			sourceTree = "<group>";
		};
		BFD945FF244DC5EB0012785A /* UITests */ = {
			isa = PBXGroup;
			children = (
				BFD94600244DC5EC0012785A /* iOSEngineerCodeCheckUITests.swift */,
				BFD94602244DC5EC0012785A /* Info.plist */,
			);
			path = UITests;
			sourceTree = "<group>";
		};
		C076B2E9BF3C0CB74DFF310D /* Frameworks */ = {
			isa = PBXGroup;
			children = (
				F1F1CE433594986C9EB66CF3 /* Pods_iOSEngineerCodeCheck.framework */,
			);
			name = Frameworks;
			sourceTree = "<group>";
		};
		EBE279E52B5588FE005CA078 /* Resources */ = {
			isa = PBXGroup;
			children = (
				BFD945E4244DC5E80012785A /* Main.storyboard */,
				BFD945E7244DC5EB0012785A /* Assets.xcassets */,
				BFD945E9244DC5EB0012785A /* LaunchScreen.storyboard */,
			);
			path = Resources;
			sourceTree = "<group>";
		};
		EBE279E62B558910005CA078 /* Supportings */ = {
			isa = PBXGroup;
			children = (
				BFD945EC244DC5EB0012785A /* Info.plist */,
			);
			path = Supportings;
			sourceTree = "<group>";
		};
		EBE279E72B55891E005CA078 /* App */ = {
			isa = PBXGroup;
			children = (
				BFD945DE244DC5E80012785A /* AppDelegate.swift */,
				BFD945E0244DC5E80012785A /* SceneDelegate.swift */,
				EBE27A032B558F94005CA078 /* AppCoordinator.swift */,
			);
			path = App;
			sourceTree = "<group>";
		};
		EBE279E82B558B70005CA078 /* Scenes */ = {
			isa = PBXGroup;
			children = (
				EBE279F52B558CF5005CA078 /* RepositoryList */,
			);
			path = Scenes;
			sourceTree = "<group>";
		};
		EBE279E92B558B92005CA078 /* Base */ = {
			isa = PBXGroup;
			children = (
				EBE279EA2B558BAA005CA078 /* BaseViewController.swift */,
				EBE279F32B558CDF005CA078 /* BaseViewModel.swift */,
				EBE27A362B559DAF005CA078 /* ActivityIndicator.swift */,
			);
			path = Base;
			sourceTree = "<group>";
		};
		EBE279EC2B558C21005CA078 /* Protocols */ = {
			isa = PBXGroup;
			children = (
				EBE279ED2B558C3D005CA078 /* StoryboardInstantiable.swift */,
				EBE279EF2B558C77005CA078 /* ViewModelProtocol.swift */,
				EBE279F12B558C8E005CA078 /* ViewModelable.swift */,
				EBE279FC2B558E0D005CA078 /* Coordinator.swift */,
				EBE279FE2B558E2C005CA078 /* Coordinatable.swift */,
				EBE27A202B559C9B005CA078 /* URLSessionProtocol.swift */,
				EBE27A222B559CAE005CA078 /* URLSessionDataTaskProtocol.swift */,
				EBE27A242B559CC1005CA078 /* URLRequestBuildable.swift */,
				EBE27A262B559CD3005CA078 /* SessionTaskProtocol.swift */,
				EBE27A282B559CE5005CA078 /* ParameterEncoder.swift */,
				EBE27A2A2B559CF6005CA078 /* JSONDecoderProtocol.swift */,
				EBE27A2C2B559D08005CA078 /* APIClientProtocol.swift */,
				EBE27A2E2B559D1E005CA078 /* APIRequestProtocol.swift */,
				EBE27A312B559D4F005CA078 /* APICommunicatingViewModel.swift */,
			);
			path = Protocols;
			sourceTree = "<group>";
		};
		EBE279F52B558CF5005CA078 /* RepositoryList */ = {
			isa = PBXGroup;
			children = (
				EBE279F62B558D12005CA078 /* RepositoryListViewController.swift */,
				EBE279F82B558D2F005CA078 /* RepositoryListViewModel.swift */,
				EBE27A002B558E53005CA078 /* RepositoryCoordinator.swift */,
				EBE279FA2B558D3C005CA078 /* RepositoryListViewController.storyboard */,
			);
			path = RepositoryList;
			sourceTree = "<group>";
		};
		EBE27A052B559558005CA078 /* Utils */ = {
			isa = PBXGroup;
			children = (
				EBE27A062B55956E005CA078 /* Constant.swift */,
			);
			path = Utils;
			sourceTree = "<group>";
		};
		EBE27A0D2B5598FC005CA078 /* Models */ = {
			isa = PBXGroup;
			children = (
				EBE27A0E2B559908005CA078 /* GithubModel.swift */,
			);
			path = Models;
			sourceTree = "<group>";
		};
		EBE27A142B559BF2005CA078 /* Networking */ = {
			isa = PBXGroup;
			children = (
				EBE27A152B559C08005CA078 /* Erros */,
				EBE27A182B559C32005CA078 /* SessionTask.swift */,
				EBE27A1A2B559C4B005CA078 /* JSONEncoding.swift */,
				EBE27A1C2B559C66005CA078 /* URLEncoding.swift */,
				EBE27A1E2B559C7D005CA078 /* APIClient.swift */,
			);
			path = Networking;
			sourceTree = "<group>";
		};
		EBE27A152B559C08005CA078 /* Erros */ = {
			isa = PBXGroup;
			children = (
				EBE27A162B559C18005CA078 /* APIError.swift */,
			);
			path = Erros;
			sourceTree = "<group>";
		};
		EBE27A302B559D32005CA078 /* Enums */ = {
			isa = PBXGroup;
			children = (
				EBE27A382B559E2F005CA078 /* Method.swift */,
			);
			path = Enums;
			sourceTree = "<group>";
		};
		EBE27A332B559D76005CA078 /* Extensions */ = {
			isa = PBXGroup;
			children = (
				EBE27A342B559D8A005CA078 /* ObservableType+Ext.swift */,
				EBE27A3A2B559E66005CA078 /* ObservableType+APIClient.swift */,
				EBE27A3C2B559E88005CA078 /* URLRequest+Ext.swift */,
			);
			path = Extensions;
			sourceTree = "<group>";
		};
/* End PBXGroup section */

/* Begin PBXNativeTarget section */
		BFD945DA244DC5E80012785A /* iOSEngineerCodeCheck */ = {
			isa = PBXNativeTarget;
			buildConfigurationList = BFD94605244DC5EC0012785A /* Build configuration list for PBXNativeTarget "iOSEngineerCodeCheck" */;
			buildPhases = (
				B85FD69071A15B8ACA7C1EF5 /* [CP] Check Pods Manifest.lock */,
				BFD945D7244DC5E80012785A /* Sources */,
				BFD945D8244DC5E80012785A /* Frameworks */,
				BFD945D9244DC5E80012785A /* Resources */,
				0D71CE133488F9CAA2A9A08B /* [CP] Embed Pods Frameworks */,
			);
			buildRules = (
			);
			dependencies = (
			);
			name = iOSEngineerCodeCheck;
			productName = iOSEngineerCodeCheck;
			productReference = BFD945DB244DC5E80012785A /* iOSEngineerCodeCheck.app */;
			productType = "com.apple.product-type.application";
		};
		BFD945F0244DC5EB0012785A /* iOSEngineerCodeCheckTests */ = {
			isa = PBXNativeTarget;
			buildConfigurationList = BFD94608244DC5EC0012785A /* Build configuration list for PBXNativeTarget "iOSEngineerCodeCheckTests" */;
			buildPhases = (
				BFD945ED244DC5EB0012785A /* Sources */,
				BFD945EE244DC5EB0012785A /* Frameworks */,
				BFD945EF244DC5EB0012785A /* Resources */,
			);
			buildRules = (
			);
			dependencies = (
				BFD945F3244DC5EB0012785A /* PBXTargetDependency */,
			);
			name = iOSEngineerCodeCheckTests;
			productName = iOSEngineerCodeCheckTests;
			productReference = BFD945F1244DC5EB0012785A /* iOSEngineerCodeCheckTests.xctest */;
			productType = "com.apple.product-type.bundle.unit-test";
		};
		BFD945FB244DC5EB0012785A /* iOSEngineerCodeCheckUITests */ = {
			isa = PBXNativeTarget;
			buildConfigurationList = BFD9460B244DC5EC0012785A /* Build configuration list for PBXNativeTarget "iOSEngineerCodeCheckUITests" */;
			buildPhases = (
				BFD945F8244DC5EB0012785A /* Sources */,
				BFD945F9244DC5EB0012785A /* Frameworks */,
				BFD945FA244DC5EB0012785A /* Resources */,
			);
			buildRules = (
			);
			dependencies = (
				BFD945FE244DC5EB0012785A /* PBXTargetDependency */,
			);
			name = iOSEngineerCodeCheckUITests;
			productName = iOSEngineerCodeCheckUITests;
			productReference = BFD945FC244DC5EB0012785A /* iOSEngineerCodeCheckUITests.xctest */;
			productType = "com.apple.product-type.bundle.ui-testing";
		};
/* End PBXNativeTarget section */

/* Begin PBXProject section */
		BFD945D3244DC5E80012785A /* Project object */ = {
			isa = PBXProject;
			attributes = {
				LastSwiftUpdateCheck = 1300;
				LastUpgradeCheck = 1300;
				ORGANIZATIONNAME = "YUMEMI Inc.";
				TargetAttributes = {
					BFD945DA244DC5E80012785A = {
						CreatedOnToolsVersion = 11.4.1;
					};
					BFD945F0244DC5EB0012785A = {
						CreatedOnToolsVersion = 11.4.1;
						TestTargetID = BFD945DA244DC5E80012785A;
					};
					BFD945FB244DC5EB0012785A = {
						CreatedOnToolsVersion = 11.4.1;
						TestTargetID = BFD945DA244DC5E80012785A;
					};
				};
			};
			buildConfigurationList = BFD945D6244DC5E80012785A /* Build configuration list for PBXProject "iOSEngineerCodeCheck" */;
			compatibilityVersion = "Xcode 9.3";
			developmentRegion = en;
			hasScannedForEncodings = 0;
			knownRegions = (
				en,
				Base,
			);
			mainGroup = BFD945D2244DC5E80012785A;
			productRefGroup = BFD945DC244DC5E80012785A /* Products */;
			projectDirPath = "";
			projectRoot = "";
			targets = (
				BFD945DA244DC5E80012785A /* iOSEngineerCodeCheck */,
				BFD945F0244DC5EB0012785A /* iOSEngineerCodeCheckTests */,
				BFD945FB244DC5EB0012785A /* iOSEngineerCodeCheckUITests */,
			);
		};
/* End PBXProject section */

/* Begin PBXResourcesBuildPhase section */
		BFD945D9244DC5E80012785A /* Resources */ = {
			isa = PBXResourcesBuildPhase;
			buildActionMask = 2147483647;
			files = (
				BFD945EB244DC5EB0012785A /* LaunchScreen.storyboard in Resources */,
				EBE279FB2B558D3C005CA078 /* RepositoryListViewController.storyboard in Resources */,
				BFD945E8244DC5EB0012785A /* Assets.xcassets in Resources */,
				BFD945E6244DC5E80012785A /* Main.storyboard in Resources */,
			);
			runOnlyForDeploymentPostprocessing = 0;
		};
		BFD945EF244DC5EB0012785A /* Resources */ = {
			isa = PBXResourcesBuildPhase;
			buildActionMask = 2147483647;
			files = (
			);
			runOnlyForDeploymentPostprocessing = 0;
		};
		BFD945FA244DC5EB0012785A /* Resources */ = {
			isa = PBXResourcesBuildPhase;
			buildActionMask = 2147483647;
			files = (
			);
			runOnlyForDeploymentPostprocessing = 0;
		};
/* End PBXResourcesBuildPhase section */

/* Begin PBXShellScriptBuildPhase section */
		0D71CE133488F9CAA2A9A08B /* [CP] Embed Pods Frameworks */ = {
			isa = PBXShellScriptBuildPhase;
			buildActionMask = 2147483647;
			files = (
			);
			inputFileListPaths = (
				"${PODS_ROOT}/Target Support Files/Pods-iOSEngineerCodeCheck/Pods-iOSEngineerCodeCheck-frameworks-${CONFIGURATION}-input-files.xcfilelist",
			);
			name = "[CP] Embed Pods Frameworks";
			outputFileListPaths = (
				"${PODS_ROOT}/Target Support Files/Pods-iOSEngineerCodeCheck/Pods-iOSEngineerCodeCheck-frameworks-${CONFIGURATION}-output-files.xcfilelist",
			);
			runOnlyForDeploymentPostprocessing = 0;
			shellPath = /bin/sh;
			shellScript = "\"${PODS_ROOT}/Target Support Files/Pods-iOSEngineerCodeCheck/Pods-iOSEngineerCodeCheck-frameworks.sh\"\n";
			showEnvVarsInLog = 0;
		};
		B85FD69071A15B8ACA7C1EF5 /* [CP] Check Pods Manifest.lock */ = {
			isa = PBXShellScriptBuildPhase;
			buildActionMask = 2147483647;
			files = (
			);
			inputFileListPaths = (
			);
			inputPaths = (
				"${PODS_PODFILE_DIR_PATH}/Podfile.lock",
				"${PODS_ROOT}/Manifest.lock",
			);
			name = "[CP] Check Pods Manifest.lock";
			outputFileListPaths = (
			);
			outputPaths = (
				"$(DERIVED_FILE_DIR)/Pods-iOSEngineerCodeCheck-checkManifestLockResult.txt",
			);
			runOnlyForDeploymentPostprocessing = 0;
			shellPath = /bin/sh;
			shellScript = "diff \"${PODS_PODFILE_DIR_PATH}/Podfile.lock\" \"${PODS_ROOT}/Manifest.lock\" > /dev/null\nif [ $? != 0 ] ; then\n    # print error to STDERR\n    echo \"error: The sandbox is not in sync with the Podfile.lock. Run 'pod install' or update your CocoaPods installation.\" >&2\n    exit 1\nfi\n# This output is used by Xcode 'outputs' to avoid re-running this script phase.\necho \"SUCCESS\" > \"${SCRIPT_OUTPUT_FILE_0}\"\n";
			showEnvVarsInLog = 0;
		};
/* End PBXShellScriptBuildPhase section */

/* Begin PBXSourcesBuildPhase section */
		BFD945D7244DC5E80012785A /* Sources */ = {
			isa = PBXSourcesBuildPhase;
			buildActionMask = 2147483647;
			files = (
				EBE279EB2B558BAA005CA078 /* BaseViewController.swift in Sources */,
				EBE27A192B559C32005CA078 /* SessionTask.swift in Sources */,
				EBE27A2B2B559CF6005CA078 /* JSONDecoderProtocol.swift in Sources */,
				EBE27A232B559CAE005CA078 /* URLSessionDataTaskProtocol.swift in Sources */,
				EBE27A292B559CE5005CA078 /* ParameterEncoder.swift in Sources */,
				EBE27A2D2B559D08005CA078 /* APIClientProtocol.swift in Sources */,
				BFD945E3244DC5E80012785A /* ViewController.swift in Sources */,
				EBE27A3D2B559E88005CA078 /* URLRequest+Ext.swift in Sources */,
				EBE27A252B559CC1005CA078 /* URLRequestBuildable.swift in Sources */,
				BF0A658D244F2A3B00280FA6 /* ViewController2.swift in Sources */,
				EBE27A072B55956E005CA078 /* Constant.swift in Sources */,
				EBE27A1F2B559C7D005CA078 /* APIClient.swift in Sources */,
				EBE27A0F2B559908005CA078 /* GithubModel.swift in Sources */,
				BFD945DF244DC5E80012785A /* AppDelegate.swift in Sources */,
				EBE279F72B558D12005CA078 /* RepositoryListViewController.swift in Sources */,
				EBE27A392B559E2F005CA078 /* Method.swift in Sources */,
				EBE279F92B558D2F005CA078 /* RepositoryListViewModel.swift in Sources */,
				EBE27A322B559D4F005CA078 /* APICommunicatingViewModel.swift in Sources */,
				EBE27A372B559DAF005CA078 /* ActivityIndicator.swift in Sources */,
				EBE279F02B558C77005CA078 /* ViewModelProtocol.swift in Sources */,
				EBE27A2F2B559D1E005CA078 /* APIRequestProtocol.swift in Sources */,
				EBE279FF2B558E2C005CA078 /* Coordinatable.swift in Sources */,
				EBE279F42B558CDF005CA078 /* BaseViewModel.swift in Sources */,
				EBE279FD2B558E0D005CA078 /* Coordinator.swift in Sources */,
				EBE279EE2B558C3D005CA078 /* StoryboardInstantiable.swift in Sources */,
				EBE27A3B2B559E66005CA078 /* ObservableType+APIClient.swift in Sources */,
				EBE27A352B559D8A005CA078 /* ObservableType+Ext.swift in Sources */,
				EBE279F22B558C8E005CA078 /* ViewModelable.swift in Sources */,
				EBE27A042B558F94005CA078 /* AppCoordinator.swift in Sources */,
				EBE27A012B558E53005CA078 /* RepositoryCoordinator.swift in Sources */,
				EBE27A212B559C9B005CA078 /* URLSessionProtocol.swift in Sources */,
				EBE27A272B559CD3005CA078 /* SessionTaskProtocol.swift in Sources */,
				EBE27A1D2B559C66005CA078 /* URLEncoding.swift in Sources */,
				BFD945E1244DC5E80012785A /* SceneDelegate.swift in Sources */,
				EBE27A1B2B559C4B005CA078 /* JSONEncoding.swift in Sources */,
				EBE27A172B559C18005CA078 /* APIError.swift in Sources */,
			);
			runOnlyForDeploymentPostprocessing = 0;
		};
		BFD945ED244DC5EB0012785A /* Sources */ = {
			isa = PBXSourcesBuildPhase;
			buildActionMask = 2147483647;
			files = (
				BFD945F6244DC5EB0012785A /* iOSEngineerCodeCheckTests.swift in Sources */,
			);
			runOnlyForDeploymentPostprocessing = 0;
		};
		BFD945F8244DC5EB0012785A /* Sources */ = {
			isa = PBXSourcesBuildPhase;
			buildActionMask = 2147483647;
			files = (
				BFD94601244DC5EC0012785A /* iOSEngineerCodeCheckUITests.swift in Sources */,
			);
			runOnlyForDeploymentPostprocessing = 0;
		};
/* End PBXSourcesBuildPhase section */

/* Begin PBXTargetDependency section */
		BFD945F3244DC5EB0012785A /* PBXTargetDependency */ = {
			isa = PBXTargetDependency;
			target = BFD945DA244DC5E80012785A /* iOSEngineerCodeCheck */;
			targetProxy = BFD945F2244DC5EB0012785A /* PBXContainerItemProxy */;
		};
		BFD945FE244DC5EB0012785A /* PBXTargetDependency */ = {
			isa = PBXTargetDependency;
			target = BFD945DA244DC5E80012785A /* iOSEngineerCodeCheck */;
			targetProxy = BFD945FD244DC5EB0012785A /* PBXContainerItemProxy */;
		};
/* End PBXTargetDependency section */

/* Begin PBXVariantGroup section */
		BFD945E4244DC5E80012785A /* Main.storyboard */ = {
			isa = PBXVariantGroup;
			children = (
				BFD945E5244DC5E80012785A /* Base */,
			);
			name = Main.storyboard;
			sourceTree = "<group>";
		};
		BFD945E9244DC5EB0012785A /* LaunchScreen.storyboard */ = {
			isa = PBXVariantGroup;
			children = (
				BFD945EA244DC5EB0012785A /* Base */,
			);
			name = LaunchScreen.storyboard;
			sourceTree = "<group>";
		};
/* End PBXVariantGroup section */

/* Begin XCBuildConfiguration section */
		BFD94603244DC5EC0012785A /* Debug */ = {
			isa = XCBuildConfiguration;
			buildSettings = {
				ALWAYS_SEARCH_USER_PATHS = NO;
				CLANG_ANALYZER_NONNULL = YES;
				CLANG_ANALYZER_NUMBER_OBJECT_CONVERSION = YES_AGGRESSIVE;
				CLANG_CXX_LANGUAGE_STANDARD = "gnu++14";
				CLANG_CXX_LIBRARY = "libc++";
				CLANG_ENABLE_MODULES = YES;
				CLANG_ENABLE_OBJC_ARC = YES;
				CLANG_ENABLE_OBJC_WEAK = YES;
				CLANG_WARN_BLOCK_CAPTURE_AUTORELEASING = YES;
				CLANG_WARN_BOOL_CONVERSION = YES;
				CLANG_WARN_COMMA = YES;
				CLANG_WARN_CONSTANT_CONVERSION = YES;
				CLANG_WARN_DEPRECATED_OBJC_IMPLEMENTATIONS = YES;
				CLANG_WARN_DIRECT_OBJC_ISA_USAGE = YES_ERROR;
				CLANG_WARN_DOCUMENTATION_COMMENTS = YES;
				CLANG_WARN_EMPTY_BODY = YES;
				CLANG_WARN_ENUM_CONVERSION = YES;
				CLANG_WARN_INFINITE_RECURSION = YES;
				CLANG_WARN_INT_CONVERSION = YES;
				CLANG_WARN_NON_LITERAL_NULL_CONVERSION = YES;
				CLANG_WARN_OBJC_IMPLICIT_RETAIN_SELF = YES;
				CLANG_WARN_OBJC_LITERAL_CONVERSION = YES;
				CLANG_WARN_OBJC_ROOT_CLASS = YES_ERROR;
				CLANG_WARN_QUOTED_INCLUDE_IN_FRAMEWORK_HEADER = YES;
				CLANG_WARN_RANGE_LOOP_ANALYSIS = YES;
				CLANG_WARN_STRICT_PROTOTYPES = YES;
				CLANG_WARN_SUSPICIOUS_MOVE = YES;
				CLANG_WARN_UNGUARDED_AVAILABILITY = YES_AGGRESSIVE;
				CLANG_WARN_UNREACHABLE_CODE = YES;
				CLANG_WARN__DUPLICATE_METHOD_MATCH = YES;
				COPY_PHASE_STRIP = NO;
				DEBUG_INFORMATION_FORMAT = dwarf;
				ENABLE_STRICT_OBJC_MSGSEND = YES;
				ENABLE_TESTABILITY = YES;
				GCC_C_LANGUAGE_STANDARD = gnu11;
				GCC_DYNAMIC_NO_PIC = NO;
				GCC_NO_COMMON_BLOCKS = YES;
				GCC_OPTIMIZATION_LEVEL = 0;
				GCC_PREPROCESSOR_DEFINITIONS = (
					"DEBUG=1",
					"$(inherited)",
				);
				GCC_WARN_64_TO_32_BIT_CONVERSION = YES;
				GCC_WARN_ABOUT_RETURN_TYPE = YES_ERROR;
				GCC_WARN_UNDECLARED_SELECTOR = YES;
				GCC_WARN_UNINITIALIZED_AUTOS = YES_AGGRESSIVE;
				GCC_WARN_UNUSED_FUNCTION = YES;
				GCC_WARN_UNUSED_VARIABLE = YES;
				IPHONEOS_DEPLOYMENT_TARGET = 15.0;
				MTL_ENABLE_DEBUG_INFO = INCLUDE_SOURCE;
				MTL_FAST_MATH = YES;
				ONLY_ACTIVE_ARCH = YES;
				SDKROOT = iphoneos;
				SWIFT_ACTIVE_COMPILATION_CONDITIONS = DEBUG;
				SWIFT_OPTIMIZATION_LEVEL = "-Onone";
			};
			name = Debug;
		};
		BFD94604244DC5EC0012785A /* Release */ = {
			isa = XCBuildConfiguration;
			buildSettings = {
				ALWAYS_SEARCH_USER_PATHS = NO;
				CLANG_ANALYZER_NONNULL = YES;
				CLANG_ANALYZER_NUMBER_OBJECT_CONVERSION = YES_AGGRESSIVE;
				CLANG_CXX_LANGUAGE_STANDARD = "gnu++14";
				CLANG_CXX_LIBRARY = "libc++";
				CLANG_ENABLE_MODULES = YES;
				CLANG_ENABLE_OBJC_ARC = YES;
				CLANG_ENABLE_OBJC_WEAK = YES;
				CLANG_WARN_BLOCK_CAPTURE_AUTORELEASING = YES;
				CLANG_WARN_BOOL_CONVERSION = YES;
				CLANG_WARN_COMMA = YES;
				CLANG_WARN_CONSTANT_CONVERSION = YES;
				CLANG_WARN_DEPRECATED_OBJC_IMPLEMENTATIONS = YES;
				CLANG_WARN_DIRECT_OBJC_ISA_USAGE = YES_ERROR;
				CLANG_WARN_DOCUMENTATION_COMMENTS = YES;
				CLANG_WARN_EMPTY_BODY = YES;
				CLANG_WARN_ENUM_CONVERSION = YES;
				CLANG_WARN_INFINITE_RECURSION = YES;
				CLANG_WARN_INT_CONVERSION = YES;
				CLANG_WARN_NON_LITERAL_NULL_CONVERSION = YES;
				CLANG_WARN_OBJC_IMPLICIT_RETAIN_SELF = YES;
				CLANG_WARN_OBJC_LITERAL_CONVERSION = YES;
				CLANG_WARN_OBJC_ROOT_CLASS = YES_ERROR;
				CLANG_WARN_QUOTED_INCLUDE_IN_FRAMEWORK_HEADER = YES;
				CLANG_WARN_RANGE_LOOP_ANALYSIS = YES;
				CLANG_WARN_STRICT_PROTOTYPES = YES;
				CLANG_WARN_SUSPICIOUS_MOVE = YES;
				CLANG_WARN_UNGUARDED_AVAILABILITY = YES_AGGRESSIVE;
				CLANG_WARN_UNREACHABLE_CODE = YES;
				CLANG_WARN__DUPLICATE_METHOD_MATCH = YES;
				COPY_PHASE_STRIP = NO;
				DEBUG_INFORMATION_FORMAT = "dwarf-with-dsym";
				ENABLE_NS_ASSERTIONS = NO;
				ENABLE_STRICT_OBJC_MSGSEND = YES;
				GCC_C_LANGUAGE_STANDARD = gnu11;
				GCC_NO_COMMON_BLOCKS = YES;
				GCC_WARN_64_TO_32_BIT_CONVERSION = YES;
				GCC_WARN_ABOUT_RETURN_TYPE = YES_ERROR;
				GCC_WARN_UNDECLARED_SELECTOR = YES;
				GCC_WARN_UNINITIALIZED_AUTOS = YES_AGGRESSIVE;
				GCC_WARN_UNUSED_FUNCTION = YES;
				GCC_WARN_UNUSED_VARIABLE = YES;
				IPHONEOS_DEPLOYMENT_TARGET = 15.0;
				MTL_ENABLE_DEBUG_INFO = NO;
				MTL_FAST_MATH = YES;
				SDKROOT = iphoneos;
				SWIFT_COMPILATION_MODE = wholemodule;
				SWIFT_OPTIMIZATION_LEVEL = "-O";
				VALIDATE_PRODUCT = YES;
			};
			name = Release;
		};
		BFD94606244DC5EC0012785A /* Debug */ = {
			isa = XCBuildConfiguration;
			baseConfigurationReference = E40096BBB659FA13EFB39611 /* Pods-iOSEngineerCodeCheck.debug.xcconfig */;
			buildSettings = {
				ASSETCATALOG_COMPILER_APPICON_NAME = AppIcon;
				CODE_SIGN_STYLE = Automatic;
				DEVELOPMENT_TEAM = "";
				INFOPLIST_FILE = Source/Supportings/Info.plist;
				LD_RUNPATH_SEARCH_PATHS = (
					"$(inherited)",
					"@executable_path/Frameworks",
				);
				PRODUCT_BUNDLE_IDENTIFIER = jp.yumemi.iOSEngineerCodeCheck;
				PRODUCT_NAME = "$(TARGET_NAME)";
				SWIFT_VERSION = 5.0;
				TARGETED_DEVICE_FAMILY = "1,2";
			};
			name = Debug;
		};
		BFD94607244DC5EC0012785A /* Release */ = {
			isa = XCBuildConfiguration;
			baseConfigurationReference = 656E8C8C43705665B3F38A11 /* Pods-iOSEngineerCodeCheck.release.xcconfig */;
			buildSettings = {
				ASSETCATALOG_COMPILER_APPICON_NAME = AppIcon;
				CODE_SIGN_STYLE = Automatic;
				DEVELOPMENT_TEAM = "";
				INFOPLIST_FILE = Source/Supportings/Info.plist;
				LD_RUNPATH_SEARCH_PATHS = (
					"$(inherited)",
					"@executable_path/Frameworks",
				);
				PRODUCT_BUNDLE_IDENTIFIER = jp.yumemi.iOSEngineerCodeCheck;
				PRODUCT_NAME = "$(TARGET_NAME)";
				SWIFT_VERSION = 5.0;
				TARGETED_DEVICE_FAMILY = "1,2";
			};
			name = Release;
		};
		BFD94609244DC5EC0012785A /* Debug */ = {
			isa = XCBuildConfiguration;
			buildSettings = {
				ALWAYS_EMBED_SWIFT_STANDARD_LIBRARIES = YES;
				BUNDLE_LOADER = "$(TEST_HOST)";
				CODE_SIGN_STYLE = Automatic;
				DEVELOPMENT_TEAM = S7G9J68NLX;
				INFOPLIST_FILE = UnitTests/Info.plist;
				LD_RUNPATH_SEARCH_PATHS = (
					"$(inherited)",
					"@executable_path/Frameworks",
					"@loader_path/Frameworks",
				);
				PRODUCT_BUNDLE_IDENTIFIER = jp.yumemi.iOSEngineerCodeCheckTests;
				PRODUCT_NAME = "$(TARGET_NAME)";
				SWIFT_VERSION = 5.0;
				TARGETED_DEVICE_FAMILY = "1,2";
				TEST_HOST = "$(BUILT_PRODUCTS_DIR)/iOSEngineerCodeCheck.app/iOSEngineerCodeCheck";
			};
			name = Debug;
		};
		BFD9460A244DC5EC0012785A /* Release */ = {
			isa = XCBuildConfiguration;
			buildSettings = {
				ALWAYS_EMBED_SWIFT_STANDARD_LIBRARIES = YES;
				BUNDLE_LOADER = "$(TEST_HOST)";
				CODE_SIGN_STYLE = Automatic;
				DEVELOPMENT_TEAM = S7G9J68NLX;
				INFOPLIST_FILE = UnitTests/Info.plist;
				LD_RUNPATH_SEARCH_PATHS = (
					"$(inherited)",
					"@executable_path/Frameworks",
					"@loader_path/Frameworks",
				);
				PRODUCT_BUNDLE_IDENTIFIER = jp.yumemi.iOSEngineerCodeCheckTests;
				PRODUCT_NAME = "$(TARGET_NAME)";
				SWIFT_VERSION = 5.0;
				TARGETED_DEVICE_FAMILY = "1,2";
				TEST_HOST = "$(BUILT_PRODUCTS_DIR)/iOSEngineerCodeCheck.app/iOSEngineerCodeCheck";
			};
			name = Release;
		};
		BFD9460C244DC5EC0012785A /* Debug */ = {
			isa = XCBuildConfiguration;
			buildSettings = {
				ALWAYS_EMBED_SWIFT_STANDARD_LIBRARIES = YES;
				CODE_SIGN_STYLE = Automatic;
				DEVELOPMENT_TEAM = S7G9J68NLX;
				INFOPLIST_FILE = UITests/Info.plist;
				LD_RUNPATH_SEARCH_PATHS = (
					"$(inherited)",
					"@executable_path/Frameworks",
					"@loader_path/Frameworks",
				);
				PRODUCT_BUNDLE_IDENTIFIER = jp.yumemi.iOSEngineerCodeCheckUITests;
				PRODUCT_NAME = "$(TARGET_NAME)";
				SWIFT_VERSION = 5.0;
				TARGETED_DEVICE_FAMILY = "1,2";
				TEST_TARGET_NAME = iOSEngineerCodeCheck;
			};
			name = Debug;
		};
		BFD9460D244DC5EC0012785A /* Release */ = {
			isa = XCBuildConfiguration;
			buildSettings = {
				ALWAYS_EMBED_SWIFT_STANDARD_LIBRARIES = YES;
				CODE_SIGN_STYLE = Automatic;
				DEVELOPMENT_TEAM = S7G9J68NLX;
				INFOPLIST_FILE = UITests/Info.plist;
				LD_RUNPATH_SEARCH_PATHS = (
					"$(inherited)",
					"@executable_path/Frameworks",
					"@loader_path/Frameworks",
				);
				PRODUCT_BUNDLE_IDENTIFIER = jp.yumemi.iOSEngineerCodeCheckUITests;
				PRODUCT_NAME = "$(TARGET_NAME)";
				SWIFT_VERSION = 5.0;
				TARGETED_DEVICE_FAMILY = "1,2";
				TEST_TARGET_NAME = iOSEngineerCodeCheck;
			};
			name = Release;
		};
/* End XCBuildConfiguration section */

/* Begin XCConfigurationList section */
		BFD945D6244DC5E80012785A /* Build configuration list for PBXProject "iOSEngineerCodeCheck" */ = {
			isa = XCConfigurationList;
			buildConfigurations = (
				BFD94603244DC5EC0012785A /* Debug */,
				BFD94604244DC5EC0012785A /* Release */,
			);
			defaultConfigurationIsVisible = 0;
			defaultConfigurationName = Release;
		};
		BFD94605244DC5EC0012785A /* Build configuration list for PBXNativeTarget "iOSEngineerCodeCheck" */ = {
			isa = XCConfigurationList;
			buildConfigurations = (
				BFD94606244DC5EC0012785A /* Debug */,
				BFD94607244DC5EC0012785A /* Release */,
			);
			defaultConfigurationIsVisible = 0;
			defaultConfigurationName = Release;
		};
		BFD94608244DC5EC0012785A /* Build configuration list for PBXNativeTarget "iOSEngineerCodeCheckTests" */ = {
			isa = XCConfigurationList;
			buildConfigurations = (
				BFD94609244DC5EC0012785A /* Debug */,
				BFD9460A244DC5EC0012785A /* Release */,
			);
			defaultConfigurationIsVisible = 0;
			defaultConfigurationName = Release;
		};
		BFD9460B244DC5EC0012785A /* Build configuration list for PBXNativeTarget "iOSEngineerCodeCheckUITests" */ = {
			isa = XCConfigurationList;
			buildConfigurations = (
				BFD9460C244DC5EC0012785A /* Debug */,
				BFD9460D244DC5EC0012785A /* Release */,
			);
			defaultConfigurationIsVisible = 0;
			defaultConfigurationName = Release;
		};
/* End XCConfigurationList section */
	};
	rootObject = BFD945D3244DC5E80012785A /* Project object */;
}
